
Microsoft Visual Studio Solution File, Format Version 12.00
# Visual Studio Version 17
VisualStudioVersion = 17.9.34622.214
MinimumVisualStudioVersion = 10.0.40219.1
Project("{FAE04EC0-301F-11D3-BF4B-00C04F79EFBC}") = "WebApiCoreProject", "WebApiCoreProject\WebApiCoreProject.csproj", "{63939C7C-CF57-4894-8907-EF575907B5C3}"
EndProject
Global
	GlobalSection(SolutionConfigurationPlatforms) = preSolution
		Debug|Any CPU = Debug|Any CPU
		Release|Any CPU = Release|Any CPU
	EndGlobalSection
	GlobalSection(ProjectConfigurationPlatforms) = postSolution
		{63939C7C-CF57-4894-8907-EF575907B5C3}.Debug|Any CPU.ActiveCfg = Debug|Any CPU
		{63939C7C-CF57-4894-8907-EF575907B5C3}.Debug|Any CPU.Build.0 = Debug|Any CPU
		{63939C7C-CF57-4894-8907-EF575907B5C3}.Release|Any CPU.ActiveCfg = Release|Any CPU
		{63939C7C-CF57-4894-8907-EF575907B5C3}.Release|Any CPU.Build.0 = Release|Any CPU
	EndGlobalSection
	GlobalSection(SolutionProperties) = preSolution
		HideSolutionNode = FALSE
	EndGlobalSection
	GlobalSection(ExtensibilityGlobals) = postSolution
		SolutionGuid = {518B4D94-4489-4490-B73F-55B4DD5473BD}
	EndGlobalSection
EndGlobal
